
Microsoft Visual Studio Solution File, Format Version 12.00
# Visual Studio Version 16
VisualStudioVersion = 16.0.31515.178
MinimumVisualStudioVersion = 10.0.40219.1
Project("{FAE04EC0-301F-11D3-BF4B-00C04F79EFBC}") = "ManipulacaoArquivos", "ManipulacaoArquivos.csproj", "{2F877A37-D8C4-42F2-AD14-312F2DB42BEE}"
EndProject
Global
	GlobalSection(SolutionConfigurationPlatforms) = preSolution
		Debug|Any CPU = Debug|Any CPU
		Release|Any CPU = Release|Any CPU
	EndGlobalSection
	GlobalSection(ProjectConfigurationPlatforms) = postSolution
		{2F877A37-D8C4-42F2-AD14-312F2DB42BEE}.Debug|Any CPU.ActiveCfg = Debug|Any CPU
		{2F877A37-D8C4-42F2-AD14-312F2DB42BEE}.Debug|Any CPU.Build.0 = Debug|Any CPU
		{2F877A37-D8C4-42F2-AD14-312F2DB42BEE}.Release|Any CPU.ActiveCfg = Release|Any CPU
		{2F877A37-D8C4-42F2-AD14-312F2DB42BEE}.Release|Any CPU.Build.0 = Release|Any CPU
	EndGlobalSection
	GlobalSection(SolutionProperties) = preSolution
		HideSolutionNode = FALSE
	EndGlobalSection
	GlobalSection(ExtensibilityGlobals) = postSolution
		SolutionGuid = {BEB0896C-C9E8-4E70-9AC7-CE60B39626D6}
	EndGlobalSection
EndGlobal
